
Microsoft Visual Studio Solution File, Format Version 12.00
# Visual Studio Version 17
VisualStudioVersion = 17.0.31903.59
MinimumVisualStudioVersion = 10.0.40219.1
Project("{FAE04EC0-301F-11D3-BF4B-00C04F79EFBC}") = "DownTrack.API", "DownTrack.API\DownTrack.API.csproj", "{7CC55897-4E6A-49B9-909B-0B87B6A8F8EC}"
EndProject
Project("{FAE04EC0-301F-11D3-BF4B-00C04F79EFBC}") = "DownTrack.Application", "DownTrack.Application\DownTrack.Application.csproj", "{92B3DE5F-031E-464E-BD70-DD288453219B}"
EndProject
Project("{FAE04EC0-301F-11D3-BF4B-00C04F79EFBC}") = "DownTrack.Domain", "DownTrack.Domain\DownTrack.Domain.csproj", "{9349AB5E-F95F-4AF8-9A4C-E40BB0BB2584}"
EndProject
Project("{FAE04EC0-301F-11D3-BF4B-00C04F79EFBC}") = "DownTrack.Infrastructure", "DownTrack.Infrastructure\DownTrack.Infrastructure.csproj", "{0318002A-0598-4A64-ABFB-AE85EA880729}"
EndProject
Global
	GlobalSection(SolutionConfigurationPlatforms) = preSolution
		Debug|Any CPU = Debug|Any CPU
		Release|Any CPU = Release|Any CPU
	EndGlobalSection
	GlobalSection(SolutionProperties) = preSolution
		HideSolutionNode = FALSE
	EndGlobalSection
	GlobalSection(ProjectConfigurationPlatforms) = postSolution
		{7CC55897-4E6A-49B9-909B-0B87B6A8F8EC}.Debug|Any CPU.ActiveCfg = Debug|Any CPU
		{7CC55897-4E6A-49B9-909B-0B87B6A8F8EC}.Debug|Any CPU.Build.0 = Debug|Any CPU
		{7CC55897-4E6A-49B9-909B-0B87B6A8F8EC}.Release|Any CPU.ActiveCfg = Release|Any CPU
		{7CC55897-4E6A-49B9-909B-0B87B6A8F8EC}.Release|Any CPU.Build.0 = Release|Any CPU
		{92B3DE5F-031E-464E-BD70-DD288453219B}.Debug|Any CPU.ActiveCfg = Debug|Any CPU
		{92B3DE5F-031E-464E-BD70-DD288453219B}.Debug|Any CPU.Build.0 = Debug|Any CPU
		{92B3DE5F-031E-464E-BD70-DD288453219B}.Release|Any CPU.ActiveCfg = Release|Any CPU
		{92B3DE5F-031E-464E-BD70-DD288453219B}.Release|Any CPU.Build.0 = Release|Any CPU
		{9349AB5E-F95F-4AF8-9A4C-E40BB0BB2584}.Debug|Any CPU.ActiveCfg = Debug|Any CPU
		{9349AB5E-F95F-4AF8-9A4C-E40BB0BB2584}.Debug|Any CPU.Build.0 = Debug|Any CPU
		{9349AB5E-F95F-4AF8-9A4C-E40BB0BB2584}.Release|Any CPU.ActiveCfg = Release|Any CPU
		{9349AB5E-F95F-4AF8-9A4C-E40BB0BB2584}.Release|Any CPU.Build.0 = Release|Any CPU
		{0318002A-0598-4A64-ABFB-AE85EA880729}.Debug|Any CPU.ActiveCfg = Debug|Any CPU
		{0318002A-0598-4A64-ABFB-AE85EA880729}.Debug|Any CPU.Build.0 = Debug|Any CPU
		{0318002A-0598-4A64-ABFB-AE85EA880729}.Release|Any CPU.ActiveCfg = Release|Any CPU
		{0318002A-0598-4A64-ABFB-AE85EA880729}.Release|Any CPU.Build.0 = Release|Any CPU
	EndGlobalSection
EndGlobal
